
Microsoft Visual Studio Solution File, Format Version 12.00
# Visual Studio Version 17
VisualStudioVersion = 17.13.35828.75 d17.13
MinimumVisualStudioVersion = 10.0.40219.1
Project("{FAE04EC0-301F-11D3-BF4B-00C04F79EFBC}") = "WebApiTemplate", "WebApiTemplate\WebApiTemplate.csproj", "{743E4ECA-902B-4B3E-87A3-074108193250}"
EndProject
Global
	GlobalSection(SolutionConfigurationPlatforms) = preSolution
		Debug|Any CPU = Debug|Any CPU
		Release|Any CPU = Release|Any CPU
	EndGlobalSection
	GlobalSection(ProjectConfigurationPlatforms) = postSolution
		{743E4ECA-902B-4B3E-87A3-074108193250}.Debug|Any CPU.ActiveCfg = Debug|Any CPU
		{743E4ECA-902B-4B3E-87A3-074108193250}.Debug|Any CPU.Build.0 = Debug|Any CPU
		{743E4ECA-902B-4B3E-87A3-074108193250}.Release|Any CPU.ActiveCfg = Release|Any CPU
		{743E4ECA-902B-4B3E-87A3-074108193250}.Release|Any CPU.Build.0 = Release|Any CPU
	EndGlobalSection
	GlobalSection(SolutionProperties) = preSolution
		HideSolutionNode = FALSE
	EndGlobalSection
	GlobalSection(ExtensibilityGlobals) = postSolution
		SolutionGuid = {0515DE44-958B-4432-9E34-990EF8661001}
	EndGlobalSection
EndGlobal
